
Microsoft Visual Studio Solution File, Format Version 12.00
# Visual Studio Version 17
VisualStudioVersion = 17.7.34202.233
MinimumVisualStudioVersion = 10.0.40219.1
Project("{9A19103F-16F7-4668-BE54-9A1E7A4F7556}") = "Escuela_API", "Escuela_API\Escuela_API.csproj", "{058CFE84-5EB8-4833-8CAC-ADD8D9EEC073}"
EndProject
Project("{9A19103F-16F7-4668-BE54-9A1E7A4F7556}") = "EscuelaCRUD.Shared", "EscuelaCRUD.Shared\EscuelaCRUD.Shared.csproj", "{37A7FC55-01FA-4306-B87C-DCE93D044CF1}"
EndProject
Project("{FAE04EC0-301F-11D3-BF4B-00C04F79EFBC}") = "EscuelaCRUD.Client", "EscuelaCRUD.Client\EscuelaCRUD.Client.csproj", "{60B59FDC-20B4-4B52-861B-614B2B53D1E1}"
EndProject
Global
	GlobalSection(SolutionConfigurationPlatforms) = preSolution
		Debug|Any CPU = Debug|Any CPU
		Release|Any CPU = Release|Any CPU
	EndGlobalSection
	GlobalSection(ProjectConfigurationPlatforms) = postSolution
		{058CFE84-5EB8-4833-8CAC-ADD8D9EEC073}.Debug|Any CPU.ActiveCfg = Debug|Any CPU
		{058CFE84-5EB8-4833-8CAC-ADD8D9EEC073}.Debug|Any CPU.Build.0 = Debug|Any CPU
		{058CFE84-5EB8-4833-8CAC-ADD8D9EEC073}.Release|Any CPU.ActiveCfg = Release|Any CPU
		{058CFE84-5EB8-4833-8CAC-ADD8D9EEC073}.Release|Any CPU.Build.0 = Release|Any CPU
		{37A7FC55-01FA-4306-B87C-DCE93D044CF1}.Debug|Any CPU.ActiveCfg = Debug|Any CPU
		{37A7FC55-01FA-4306-B87C-DCE93D044CF1}.Debug|Any CPU.Build.0 = Debug|Any CPU
		{37A7FC55-01FA-4306-B87C-DCE93D044CF1}.Release|Any CPU.ActiveCfg = Release|Any CPU
		{37A7FC55-01FA-4306-B87C-DCE93D044CF1}.Release|Any CPU.Build.0 = Release|Any CPU
		{60B59FDC-20B4-4B52-861B-614B2B53D1E1}.Debug|Any CPU.ActiveCfg = Debug|Any CPU
		{60B59FDC-20B4-4B52-861B-614B2B53D1E1}.Debug|Any CPU.Build.0 = Debug|Any CPU
		{60B59FDC-20B4-4B52-861B-614B2B53D1E1}.Release|Any CPU.ActiveCfg = Release|Any CPU
		{60B59FDC-20B4-4B52-861B-614B2B53D1E1}.Release|Any CPU.Build.0 = Release|Any CPU
	EndGlobalSection
	GlobalSection(SolutionProperties) = preSolution
		HideSolutionNode = FALSE
	EndGlobalSection
	GlobalSection(ExtensibilityGlobals) = postSolution
		SolutionGuid = {2C007CFA-B436-498F-983A-E6BAD50AC832}
	EndGlobalSection
EndGlobal
